
Microsoft Visual Studio Solution File, Format Version 12.00
# Visual Studio Version 16
VisualStudioVersion = 16.0.30413.136
MinimumVisualStudioVersion = 10.0.40219.1
Project("{9A19103F-16F7-4668-BE54-9A1E7A4F7556}") = "PokemonTranslator.API", "src\PokemonTranslator.API\PokemonTranslator.API.csproj", "{0EFB524E-CC57-4EA3-BE02-3D53227C41D6}"
EndProject
Project("{9A19103F-16F7-4668-BE54-9A1E7A4F7556}") = "PokemonTranslator.API.Tests", "tests\PokemonTranslator.API.Tests\PokemonTranslator.API.Tests.csproj", "{63FB8994-6F43-45DF-B006-5D1DBA6294A4}"
EndProject
Project("{9A19103F-16F7-4668-BE54-9A1E7A4F7556}") = "PokemonTranslator.DTO", "src\PokemonTranslator.DTO\PokemonTranslator.DTO.csproj", "{7C687515-8417-4888-A3BA-815877195D6A}"
EndProject
Project("{9A19103F-16F7-4668-BE54-9A1E7A4F7556}") = "PokemonTranslator.Abstractions", "src\PokemonTranslator.Abstractions\PokemonTranslator.Abstractions.csproj", "{82E3E201-B32C-4557-AD04-31CC96A90C14}"
EndProject
Project("{9A19103F-16F7-4668-BE54-9A1E7A4F7556}") = "PokemonTranslator.Services", "src\PokemonTranslator.Providers\PokemonTranslator.Services.csproj", "{0C879F5A-A57C-4416-ACEB-2B6DE83FAD23}"
EndProject
Project("{FAE04EC0-301F-11D3-BF4B-00C04F79EFBC}") = "PokemonTranslator.Services.Tests", "tests\PokemonTranslator.Services.Tests\PokemonTranslator.Services.Tests.csproj", "{86B45B3B-1786-4E2E-9C62-16E87E8FBAF7}"
EndProject
Global
	GlobalSection(SolutionConfigurationPlatforms) = preSolution
		Debug|Any CPU = Debug|Any CPU
		Release|Any CPU = Release|Any CPU
	EndGlobalSection
	GlobalSection(ProjectConfigurationPlatforms) = postSolution
		{0EFB524E-CC57-4EA3-BE02-3D53227C41D6}.Debug|Any CPU.ActiveCfg = Debug|Any CPU
		{0EFB524E-CC57-4EA3-BE02-3D53227C41D6}.Debug|Any CPU.Build.0 = Debug|Any CPU
		{0EFB524E-CC57-4EA3-BE02-3D53227C41D6}.Release|Any CPU.ActiveCfg = Release|Any CPU
		{0EFB524E-CC57-4EA3-BE02-3D53227C41D6}.Release|Any CPU.Build.0 = Release|Any CPU
		{63FB8994-6F43-45DF-B006-5D1DBA6294A4}.Debug|Any CPU.ActiveCfg = Debug|Any CPU
		{63FB8994-6F43-45DF-B006-5D1DBA6294A4}.Debug|Any CPU.Build.0 = Debug|Any CPU
		{63FB8994-6F43-45DF-B006-5D1DBA6294A4}.Release|Any CPU.ActiveCfg = Release|Any CPU
		{63FB8994-6F43-45DF-B006-5D1DBA6294A4}.Release|Any CPU.Build.0 = Release|Any CPU
		{7C687515-8417-4888-A3BA-815877195D6A}.Debug|Any CPU.ActiveCfg = Debug|Any CPU
		{7C687515-8417-4888-A3BA-815877195D6A}.Debug|Any CPU.Build.0 = Debug|Any CPU
		{7C687515-8417-4888-A3BA-815877195D6A}.Release|Any CPU.ActiveCfg = Release|Any CPU
		{7C687515-8417-4888-A3BA-815877195D6A}.Release|Any CPU.Build.0 = Release|Any CPU
		{82E3E201-B32C-4557-AD04-31CC96A90C14}.Debug|Any CPU.ActiveCfg = Debug|Any CPU
		{82E3E201-B32C-4557-AD04-31CC96A90C14}.Debug|Any CPU.Build.0 = Debug|Any CPU
		{82E3E201-B32C-4557-AD04-31CC96A90C14}.Release|Any CPU.ActiveCfg = Release|Any CPU
		{82E3E201-B32C-4557-AD04-31CC96A90C14}.Release|Any CPU.Build.0 = Release|Any CPU
		{0C879F5A-A57C-4416-ACEB-2B6DE83FAD23}.Debug|Any CPU.ActiveCfg = Debug|Any CPU
		{0C879F5A-A57C-4416-ACEB-2B6DE83FAD23}.Debug|Any CPU.Build.0 = Debug|Any CPU
		{0C879F5A-A57C-4416-ACEB-2B6DE83FAD23}.Release|Any CPU.ActiveCfg = Release|Any CPU
		{0C879F5A-A57C-4416-ACEB-2B6DE83FAD23}.Release|Any CPU.Build.0 = Release|Any CPU
		{86B45B3B-1786-4E2E-9C62-16E87E8FBAF7}.Debug|Any CPU.ActiveCfg = Debug|Any CPU
		{86B45B3B-1786-4E2E-9C62-16E87E8FBAF7}.Debug|Any CPU.Build.0 = Debug|Any CPU
		{86B45B3B-1786-4E2E-9C62-16E87E8FBAF7}.Release|Any CPU.ActiveCfg = Release|Any CPU
		{86B45B3B-1786-4E2E-9C62-16E87E8FBAF7}.Release|Any CPU.Build.0 = Release|Any CPU
	EndGlobalSection
	GlobalSection(SolutionProperties) = preSolution
		HideSolutionNode = FALSE
	EndGlobalSection
	GlobalSection(ExtensibilityGlobals) = postSolution
		SolutionGuid = {8DC26E98-0E3B-4CAB-85EE-82566EC8DC8C}
	EndGlobalSection
EndGlobal
